
Microsoft Visual Studio Solution File, Format Version 12.00
# Visual Studio Version 18
VisualStudioVersion = 18.1.11312.151
MinimumVisualStudioVersion = 10.0.40219.1
Project("{2150E333-8FDC-42A3-9474-1A3956D46DE8}") = "Products.Microservice", "Products.Microservice", "{02EA681E-C7D8-13C7-8484-4AC65E1B71E8}"
EndProject
Project("{FAE04EC0-301F-11D3-BF4B-00C04F79EFBC}") = "Products.Domain", "Products.Microservice\Products.Domain\Products.Domain.csproj", "{5B446730-C15A-EC40-4B33-2B4C7F94FB60}"
EndProject
Project("{2150E333-8FDC-42A3-9474-1A3956D46DE8}") = "Orders.Microservice", "Orders.Microservice", "{83E9D802-5787-4B79-94F2-04987846A8DE}"
EndProject
Project("{FAE04EC0-301F-11D3-BF4B-00C04F79EFBC}") = "Products.Application", "Products.Microservice\Products.Application\Products.Application.csproj", "{03203486-10C4-4464-9424-55C0237B0679}"
EndProject
Project("{FAE04EC0-301F-11D3-BF4B-00C04F79EFBC}") = "Products.Infrastructure", "Products.Microservice\Products.Infrastructure\Products.Infrastructure.csproj", "{4DB4EC1B-EBCA-4B57-92D3-C356B450C3CB}"
EndProject
Project("{FAE04EC0-301F-11D3-BF4B-00C04F79EFBC}") = "Products.API", "Products.Microservice\Products.API\Products.API.csproj", "{BC04C338-BE44-4F46-AC59-946B06D99D23}"
EndProject
Project("{FAE04EC0-301F-11D3-BF4B-00C04F79EFBC}") = "Orders.Domain", "Orders.Microservice\Orders.Domain\Orders.Domain.csproj", "{5AE593DE-CDD3-4635-BAB7-510E2E6576A0}"
EndProject
Project("{FAE04EC0-301F-11D3-BF4B-00C04F79EFBC}") = "Orders.Application", "Orders.Microservice\Orders.Application\Orders.Application.csproj", "{E95C05E4-E9C8-4603-B8C7-A20AC4AF4F60}"
EndProject
Project("{FAE04EC0-301F-11D3-BF4B-00C04F79EFBC}") = "Orders.Infrastructure", "Orders.Microservice\Orders.Infrastructure\Orders.Infrastructure.csproj", "{5F7B9A32-D97C-4027-9388-89B0A0FD1E6F}"
EndProject
Project("{FAE04EC0-301F-11D3-BF4B-00C04F79EFBC}") = "Orders.API", "Orders.Microservice\Orders.API\Orders.API.csproj", "{90B3FFB0-BB6E-3531-1EB0-410D42855B26}"
EndProject
Project("{FAE04EC0-301F-11D3-BF4B-00C04F79EFBC}") = "Products.Tests", "Products.Microservice\Products.Tests\Products.Tests.csproj", "{C044A8CB-89E2-41FE-AFB9-192EC3AD750B}"
EndProject
Project("{FAE04EC0-301F-11D3-BF4B-00C04F79EFBC}") = "Orders.Tests", "Orders.Microservice\Orders.Tests\Orders.Tests.csproj", "{5CABFA04-5E93-4638-A049-694E44412052}"
EndProject
Project("{2150E333-8FDC-42A3-9474-1A3956D46DE8}") = "Customer.Microservice", "Customer.Microservice", "{AF226A62-A407-4304-8261-39BF5CE7943E}"
EndProject
Project("{2150E333-8FDC-42A3-9474-1A3956D46DE8}") = "Payment.Microservice", "Payment.Microservice", "{3DA0BDD2-C396-4CC8-9DAC-A254A1466AE1}"
EndProject
Project("{FAE04EC0-301F-11D3-BF4B-00C04F79EFBC}") = "Customer.API", "Customer.Microservice\Customer.API\Customer.API.csproj", "{C012BF72-6C7A-4E50-B011-C5E02163B072}"
EndProject
Project("{FAE04EC0-301F-11D3-BF4B-00C04F79EFBC}") = "Customer.Application", "Customer.Microservice\Customer.Application\Customer.Application.csproj", "{D225EB10-0CB3-4E9E-927A-949B7A408D4C}"
EndProject
Project("{FAE04EC0-301F-11D3-BF4B-00C04F79EFBC}") = "Customer.Domain", "Customer.Microservice\Customer.Domain\Customer.Domain.csproj", "{7851D4F6-FF1B-4A83-92CB-EBA466A75210}"
EndProject
Project("{FAE04EC0-301F-11D3-BF4B-00C04F79EFBC}") = "Customer.Infrastructure", "Customer.Microservice\Customer.Infrastructure\Customer.Infrastructure.csproj", "{3855DE70-29C4-4B51-8F10-7D70FA0359D7}"
EndProject
Project("{FAE04EC0-301F-11D3-BF4B-00C04F79EFBC}") = "Customer.Tests", "Customer.Microservice\Customer.Tests\Customer.Tests.csproj", "{61A9D1FE-8455-452E-930C-0ABA1751192A}"
EndProject
Project("{FAE04EC0-301F-11D3-BF4B-00C04F79EFBC}") = "Payment.API", "Payment.Microservice\Payment.API\Payment.API.csproj", "{D4F735F1-7E84-4059-A9B3-6B1B2ABA56F5}"
EndProject
Project("{FAE04EC0-301F-11D3-BF4B-00C04F79EFBC}") = "Payment.Application", "Payment.Microservice\Payment.Application\Payment.Application.csproj", "{F63A4140-EDC8-43AB-9F7B-53DB426FF6CF}"
EndProject
Project("{FAE04EC0-301F-11D3-BF4B-00C04F79EFBC}") = "Payment.Domain", "Payment.Microservice\Payment.Domain\Payment.Domain.csproj", "{A57E4BA3-7383-4DDA-ACFA-C5F7F4ADA0F7}"
EndProject
Project("{FAE04EC0-301F-11D3-BF4B-00C04F79EFBC}") = "Payment.Infrastructure", "Payment.Microservice\Payment.Infrastructure\Payment.Infrastructure.csproj", "{F54DFC34-E7BA-4834-AB95-7D45AA1F6944}"
EndProject
Project("{FAE04EC0-301F-11D3-BF4B-00C04F79EFBC}") = "Payment.Tests", "Payment.Microservice\Payment.Tests\Payment.Tests.csproj", "{637E3361-8A9E-479C-B0E0-A4779D45AB79}"
EndProject
Global
	GlobalSection(SolutionConfigurationPlatforms) = preSolution
		Debug|Any CPU = Debug|Any CPU
		Release|Any CPU = Release|Any CPU
	EndGlobalSection
	GlobalSection(ProjectConfigurationPlatforms) = postSolution
		{5B446730-C15A-EC40-4B33-2B4C7F94FB60}.Debug|Any CPU.ActiveCfg = Debug|Any CPU
		{5B446730-C15A-EC40-4B33-2B4C7F94FB60}.Debug|Any CPU.Build.0 = Debug|Any CPU
		{5B446730-C15A-EC40-4B33-2B4C7F94FB60}.Release|Any CPU.ActiveCfg = Release|Any CPU
		{5B446730-C15A-EC40-4B33-2B4C7F94FB60}.Release|Any CPU.Build.0 = Release|Any CPU
		{03203486-10C4-4464-9424-55C0237B0679}.Debug|Any CPU.ActiveCfg = Debug|Any CPU
		{03203486-10C4-4464-9424-55C0237B0679}.Debug|Any CPU.Build.0 = Debug|Any CPU
		{03203486-10C4-4464-9424-55C0237B0679}.Release|Any CPU.ActiveCfg = Release|Any CPU
		{03203486-10C4-4464-9424-55C0237B0679}.Release|Any CPU.Build.0 = Release|Any CPU
		{4DB4EC1B-EBCA-4B57-92D3-C356B450C3CB}.Debug|Any CPU.ActiveCfg = Debug|Any CPU
		{4DB4EC1B-EBCA-4B57-92D3-C356B450C3CB}.Debug|Any CPU.Build.0 = Debug|Any CPU
		{4DB4EC1B-EBCA-4B57-92D3-C356B450C3CB}.Release|Any CPU.ActiveCfg = Release|Any CPU
		{4DB4EC1B-EBCA-4B57-92D3-C356B450C3CB}.Release|Any CPU.Build.0 = Release|Any CPU
		{BC04C338-BE44-4F46-AC59-946B06D99D23}.Debug|Any CPU.ActiveCfg = Debug|Any CPU
		{BC04C338-BE44-4F46-AC59-946B06D99D23}.Debug|Any CPU.Build.0 = Debug|Any CPU
		{BC04C338-BE44-4F46-AC59-946B06D99D23}.Release|Any CPU.ActiveCfg = Release|Any CPU
		{BC04C338-BE44-4F46-AC59-946B06D99D23}.Release|Any CPU.Build.0 = Release|Any CPU
		{5AE593DE-CDD3-4635-BAB7-510E2E6576A0}.Debug|Any CPU.ActiveCfg = Debug|Any CPU
		{5AE593DE-CDD3-4635-BAB7-510E2E6576A0}.Debug|Any CPU.Build.0 = Debug|Any CPU
		{5AE593DE-CDD3-4635-BAB7-510E2E6576A0}.Release|Any CPU.ActiveCfg = Release|Any CPU
		{5AE593DE-CDD3-4635-BAB7-510E2E6576A0}.Release|Any CPU.Build.0 = Release|Any CPU
		{E95C05E4-E9C8-4603-B8C7-A20AC4AF4F60}.Debug|Any CPU.ActiveCfg = Debug|Any CPU
		{E95C05E4-E9C8-4603-B8C7-A20AC4AF4F60}.Debug|Any CPU.Build.0 = Debug|Any CPU
		{E95C05E4-E9C8-4603-B8C7-A20AC4AF4F60}.Release|Any CPU.ActiveCfg = Release|Any CPU
		{E95C05E4-E9C8-4603-B8C7-A20AC4AF4F60}.Release|Any CPU.Build.0 = Release|Any CPU
		{5F7B9A32-D97C-4027-9388-89B0A0FD1E6F}.Debug|Any CPU.ActiveCfg = Debug|Any CPU
		{5F7B9A32-D97C-4027-9388-89B0A0FD1E6F}.Debug|Any CPU.Build.0 = Debug|Any CPU
		{5F7B9A32-D97C-4027-9388-89B0A0FD1E6F}.Release|Any CPU.ActiveCfg = Release|Any CPU
		{5F7B9A32-D97C-4027-9388-89B0A0FD1E6F}.Release|Any CPU.Build.0 = Release|Any CPU
		{90B3FFB0-BB6E-3531-1EB0-410D42855B26}.Debug|Any CPU.ActiveCfg = Debug|Any CPU
		{90B3FFB0-BB6E-3531-1EB0-410D42855B26}.Debug|Any CPU.Build.0 = Debug|Any CPU
		{90B3FFB0-BB6E-3531-1EB0-410D42855B26}.Release|Any CPU.ActiveCfg = Release|Any CPU
		{90B3FFB0-BB6E-3531-1EB0-410D42855B26}.Release|Any CPU.Build.0 = Release|Any CPU
		{C044A8CB-89E2-41FE-AFB9-192EC3AD750B}.Debug|Any CPU.ActiveCfg = Debug|Any CPU
		{C044A8CB-89E2-41FE-AFB9-192EC3AD750B}.Debug|Any CPU.Build.0 = Debug|Any CPU
		{C044A8CB-89E2-41FE-AFB9-192EC3AD750B}.Release|Any CPU.ActiveCfg = Release|Any CPU
		{C044A8CB-89E2-41FE-AFB9-192EC3AD750B}.Release|Any CPU.Build.0 = Release|Any CPU
		{5CABFA04-5E93-4638-A049-694E44412052}.Debug|Any CPU.ActiveCfg = Debug|Any CPU
		{5CABFA04-5E93-4638-A049-694E44412052}.Debug|Any CPU.Build.0 = Debug|Any CPU
		{5CABFA04-5E93-4638-A049-694E44412052}.Release|Any CPU.ActiveCfg = Release|Any CPU
		{5CABFA04-5E93-4638-A049-694E44412052}.Release|Any CPU.Build.0 = Release|Any CPU
		{C012BF72-6C7A-4E50-B011-C5E02163B072}.Debug|Any CPU.ActiveCfg = Debug|Any CPU
		{C012BF72-6C7A-4E50-B011-C5E02163B072}.Debug|Any CPU.Build.0 = Debug|Any CPU
		{C012BF72-6C7A-4E50-B011-C5E02163B072}.Release|Any CPU.ActiveCfg = Release|Any CPU
		{C012BF72-6C7A-4E50-B011-C5E02163B072}.Release|Any CPU.Build.0 = Release|Any CPU
		{D225EB10-0CB3-4E9E-927A-949B7A408D4C}.Debug|Any CPU.ActiveCfg = Debug|Any CPU
		{D225EB10-0CB3-4E9E-927A-949B7A408D4C}.Debug|Any CPU.Build.0 = Debug|Any CPU
		{D225EB10-0CB3-4E9E-927A-949B7A408D4C}.Release|Any CPU.ActiveCfg = Release|Any CPU
		{D225EB10-0CB3-4E9E-927A-949B7A408D4C}.Release|Any CPU.Build.0 = Release|Any CPU
		{7851D4F6-FF1B-4A83-92CB-EBA466A75210}.Debug|Any CPU.ActiveCfg = Debug|Any CPU
		{7851D4F6-FF1B-4A83-92CB-EBA466A75210}.Debug|Any CPU.Build.0 = Debug|Any CPU
		{7851D4F6-FF1B-4A83-92CB-EBA466A75210}.Release|Any CPU.ActiveCfg = Release|Any CPU
		{7851D4F6-FF1B-4A83-92CB-EBA466A75210}.Release|Any CPU.Build.0 = Release|Any CPU
		{3855DE70-29C4-4B51-8F10-7D70FA0359D7}.Debug|Any CPU.ActiveCfg = Debug|Any CPU
		{3855DE70-29C4-4B51-8F10-7D70FA0359D7}.Debug|Any CPU.Build.0 = Debug|Any CPU
		{3855DE70-29C4-4B51-8F10-7D70FA0359D7}.Release|Any CPU.ActiveCfg = Release|Any CPU
		{3855DE70-29C4-4B51-8F10-7D70FA0359D7}.Release|Any CPU.Build.0 = Release|Any CPU
		{61A9D1FE-8455-452E-930C-0ABA1751192A}.Debug|Any CPU.ActiveCfg = Debug|Any CPU
		{61A9D1FE-8455-452E-930C-0ABA1751192A}.Debug|Any CPU.Build.0 = Debug|Any CPU
		{61A9D1FE-8455-452E-930C-0ABA1751192A}.Release|Any CPU.ActiveCfg = Release|Any CPU
		{61A9D1FE-8455-452E-930C-0ABA1751192A}.Release|Any CPU.Build.0 = Release|Any CPU
		{D4F735F1-7E84-4059-A9B3-6B1B2ABA56F5}.Debug|Any CPU.ActiveCfg = Debug|Any CPU
		{D4F735F1-7E84-4059-A9B3-6B1B2ABA56F5}.Debug|Any CPU.Build.0 = Debug|Any CPU
		{D4F735F1-7E84-4059-A9B3-6B1B2ABA56F5}.Release|Any CPU.ActiveCfg = Release|Any CPU
		{D4F735F1-7E84-4059-A9B3-6B1B2ABA56F5}.Release|Any CPU.Build.0 = Release|Any CPU
		{F63A4140-EDC8-43AB-9F7B-53DB426FF6CF}.Debug|Any CPU.ActiveCfg = Debug|Any CPU
		{F63A4140-EDC8-43AB-9F7B-53DB426FF6CF}.Debug|Any CPU.Build.0 = Debug|Any CPU
		{F63A4140-EDC8-43AB-9F7B-53DB426FF6CF}.Release|Any CPU.ActiveCfg = Release|Any CPU
		{F63A4140-EDC8-43AB-9F7B-53DB426FF6CF}.Release|Any CPU.Build.0 = Release|Any CPU
		{A57E4BA3-7383-4DDA-ACFA-C5F7F4ADA0F7}.Debug|Any CPU.ActiveCfg = Debug|Any CPU
		{A57E4BA3-7383-4DDA-ACFA-C5F7F4ADA0F7}.Debug|Any CPU.Build.0 = Debug|Any CPU
		{A57E4BA3-7383-4DDA-ACFA-C5F7F4ADA0F7}.Release|Any CPU.ActiveCfg = Release|Any CPU
		{A57E4BA3-7383-4DDA-ACFA-C5F7F4ADA0F7}.Release|Any CPU.Build.0 = Release|Any CPU
		{F54DFC34-E7BA-4834-AB95-7D45AA1F6944}.Debug|Any CPU.ActiveCfg = Debug|Any CPU
		{F54DFC34-E7BA-4834-AB95-7D45AA1F6944}.Debug|Any CPU.Build.0 = Debug|Any CPU
		{F54DFC34-E7BA-4834-AB95-7D45AA1F6944}.Release|Any CPU.ActiveCfg = Release|Any CPU
		{F54DFC34-E7BA-4834-AB95-7D45AA1F6944}.Release|Any CPU.Build.0 = Release|Any CPU
		{637E3361-8A9E-479C-B0E0-A4779D45AB79}.Debug|Any CPU.ActiveCfg = Debug|Any CPU
		{637E3361-8A9E-479C-B0E0-A4779D45AB79}.Debug|Any CPU.Build.0 = Debug|Any CPU
		{637E3361-8A9E-479C-B0E0-A4779D45AB79}.Release|Any CPU.ActiveCfg = Release|Any CPU
		{637E3361-8A9E-479C-B0E0-A4779D45AB79}.Release|Any CPU.Build.0 = Release|Any CPU
	EndGlobalSection
	GlobalSection(SolutionProperties) = preSolution
		HideSolutionNode = FALSE
	EndGlobalSection
	GlobalSection(NestedProjects) = preSolution
		{5B446730-C15A-EC40-4B33-2B4C7F94FB60} = {02EA681E-C7D8-13C7-8484-4AC65E1B71E8}
		{03203486-10C4-4464-9424-55C0237B0679} = {02EA681E-C7D8-13C7-8484-4AC65E1B71E8}
		{4DB4EC1B-EBCA-4B57-92D3-C356B450C3CB} = {02EA681E-C7D8-13C7-8484-4AC65E1B71E8}
		{BC04C338-BE44-4F46-AC59-946B06D99D23} = {02EA681E-C7D8-13C7-8484-4AC65E1B71E8}
		{5AE593DE-CDD3-4635-BAB7-510E2E6576A0} = {83E9D802-5787-4B79-94F2-04987846A8DE}
		{E95C05E4-E9C8-4603-B8C7-A20AC4AF4F60} = {83E9D802-5787-4B79-94F2-04987846A8DE}
		{5F7B9A32-D97C-4027-9388-89B0A0FD1E6F} = {83E9D802-5787-4B79-94F2-04987846A8DE}
		{90B3FFB0-BB6E-3531-1EB0-410D42855B26} = {83E9D802-5787-4B79-94F2-04987846A8DE}
		{C044A8CB-89E2-41FE-AFB9-192EC3AD750B} = {02EA681E-C7D8-13C7-8484-4AC65E1B71E8}
		{5CABFA04-5E93-4638-A049-694E44412052} = {83E9D802-5787-4B79-94F2-04987846A8DE}
		{C012BF72-6C7A-4E50-B011-C5E02163B072} = {AF226A62-A407-4304-8261-39BF5CE7943E}
		{D225EB10-0CB3-4E9E-927A-949B7A408D4C} = {AF226A62-A407-4304-8261-39BF5CE7943E}
		{7851D4F6-FF1B-4A83-92CB-EBA466A75210} = {AF226A62-A407-4304-8261-39BF5CE7943E}
		{3855DE70-29C4-4B51-8F10-7D70FA0359D7} = {AF226A62-A407-4304-8261-39BF5CE7943E}
		{61A9D1FE-8455-452E-930C-0ABA1751192A} = {AF226A62-A407-4304-8261-39BF5CE7943E}
		{D4F735F1-7E84-4059-A9B3-6B1B2ABA56F5} = {3DA0BDD2-C396-4CC8-9DAC-A254A1466AE1}
		{F63A4140-EDC8-43AB-9F7B-53DB426FF6CF} = {3DA0BDD2-C396-4CC8-9DAC-A254A1466AE1}
		{A57E4BA3-7383-4DDA-ACFA-C5F7F4ADA0F7} = {3DA0BDD2-C396-4CC8-9DAC-A254A1466AE1}
		{F54DFC34-E7BA-4834-AB95-7D45AA1F6944} = {3DA0BDD2-C396-4CC8-9DAC-A254A1466AE1}
		{637E3361-8A9E-479C-B0E0-A4779D45AB79} = {3DA0BDD2-C396-4CC8-9DAC-A254A1466AE1}
	EndGlobalSection
	GlobalSection(ExtensibilityGlobals) = postSolution
		SolutionGuid = {50E9F05D-A066-462F-B5B3-7BE8946309AC}
	EndGlobalSection
EndGlobal
